
Microsoft Visual Studio Solution File, Format Version 12.00
# Visual Studio Version 17
VisualStudioVersion = 17.13.35913.81 d17.13
MinimumVisualStudioVersion = 10.0.40219.1
Project("{FAE04EC0-301F-11D3-BF4B-00C04F79EFBC}") = "Api", "Api\Api.csproj", "{BCDB75C3-B3E7-4718-BDAC-E7745A29489D}"
EndProject
Global
	GlobalSection(SolutionConfigurationPlatforms) = preSolution
		Debug|Any CPU = Debug|Any CPU
		Release|Any CPU = Release|Any CPU
	EndGlobalSection
	GlobalSection(ProjectConfigurationPlatforms) = postSolution
		{BCDB75C3-B3E7-4718-BDAC-E7745A29489D}.Debug|Any CPU.ActiveCfg = Debug|Any CPU
		{BCDB75C3-B3E7-4718-BDAC-E7745A29489D}.Debug|Any CPU.Build.0 = Debug|Any CPU
		{BCDB75C3-B3E7-4718-BDAC-E7745A29489D}.Release|Any CPU.ActiveCfg = Release|Any CPU
		{BCDB75C3-B3E7-4718-BDAC-E7745A29489D}.Release|Any CPU.Build.0 = Release|Any CPU
	EndGlobalSection
	GlobalSection(SolutionProperties) = preSolution
		HideSolutionNode = FALSE
	EndGlobalSection
	GlobalSection(ExtensibilityGlobals) = postSolution
		SolutionGuid = {F7DD0024-ABFD-4FF1-9185-960D32D4B925}
	EndGlobalSection
EndGlobal
